
Microsoft Visual Studio Solution File, Format Version 12.00
# Visual Studio Version 17
VisualStudioVersion = 17.14.36221.1
MinimumVisualStudioVersion = 10.0.40219.1
Project("{FAE04EC0-301F-11D3-BF4B-00C04F79EFBC}") = "BlazorOptions", "BlazorOptions\BlazorOptions.csproj", "{9F18595E-F5C8-4331-880D-FB5060C24704}"
EndProject
Project("{FAE04EC0-301F-11D3-BF4B-00C04F79EFBC}") = "BlazorOptions.API", "BlazorOptions.API\BlazorOptions.API.csproj", "{0E5369C8-B92C-4A91-A227-0BB809AA5C8D}"
EndProject
Project("{FAE04EC0-301F-11D3-BF4B-00C04F79EFBC}") = "BlazorOptions.Frontend", "BlazorOptions.Frontend\BlazorOptions.Frontend.csproj", "{4E5F3B08-D6F2-4089-BF36-1E58E3A286D6}"
EndProject
Project("{FAE04EC0-301F-11D3-BF4B-00C04F79EFBC}") = "BlazorOptions.Server", "BlazorOptions.Server\BlazorOptions.Server.csproj", "{FC700DD0-8CEB-B451-6F0F-7E1C3508F5D4}"
EndProject
Global
	GlobalSection(SolutionConfigurationPlatforms) = preSolution
		Debug|Any CPU = Debug|Any CPU
		Release|Any CPU = Release|Any CPU
	EndGlobalSection
	GlobalSection(ProjectConfigurationPlatforms) = postSolution
		{9F18595E-F5C8-4331-880D-FB5060C24704}.Debug|Any CPU.ActiveCfg = Debug|Any CPU
		{9F18595E-F5C8-4331-880D-FB5060C24704}.Debug|Any CPU.Build.0 = Debug|Any CPU
		{9F18595E-F5C8-4331-880D-FB5060C24704}.Release|Any CPU.ActiveCfg = Release|Any CPU
		{9F18595E-F5C8-4331-880D-FB5060C24704}.Release|Any CPU.Build.0 = Release|Any CPU
		{0E5369C8-B92C-4A91-A227-0BB809AA5C8D}.Debug|Any CPU.ActiveCfg = Debug|Any CPU
		{0E5369C8-B92C-4A91-A227-0BB809AA5C8D}.Debug|Any CPU.Build.0 = Debug|Any CPU
		{0E5369C8-B92C-4A91-A227-0BB809AA5C8D}.Release|Any CPU.ActiveCfg = Release|Any CPU
		{0E5369C8-B92C-4A91-A227-0BB809AA5C8D}.Release|Any CPU.Build.0 = Release|Any CPU
		{4E5F3B08-D6F2-4089-BF36-1E58E3A286D6}.Debug|Any CPU.ActiveCfg = Debug|Any CPU
		{4E5F3B08-D6F2-4089-BF36-1E58E3A286D6}.Debug|Any CPU.Build.0 = Debug|Any CPU
		{4E5F3B08-D6F2-4089-BF36-1E58E3A286D6}.Release|Any CPU.ActiveCfg = Release|Any CPU
		{4E5F3B08-D6F2-4089-BF36-1E58E3A286D6}.Release|Any CPU.Build.0 = Release|Any CPU
		{FC700DD0-8CEB-B451-6F0F-7E1C3508F5D4}.Debug|Any CPU.ActiveCfg = Debug|Any CPU
		{FC700DD0-8CEB-B451-6F0F-7E1C3508F5D4}.Debug|Any CPU.Build.0 = Debug|Any CPU
		{FC700DD0-8CEB-B451-6F0F-7E1C3508F5D4}.Release|Any CPU.ActiveCfg = Release|Any CPU
		{FC700DD0-8CEB-B451-6F0F-7E1C3508F5D4}.Release|Any CPU.Build.0 = Release|Any CPU
	EndGlobalSection
	GlobalSection(SolutionProperties) = preSolution
		HideSolutionNode = FALSE
	EndGlobalSection
	GlobalSection(ExtensibilityGlobals) = postSolution
		SolutionGuid = {209CD0C8-1A5A-4F93-8FC3-D385499420FD}
	EndGlobalSection
EndGlobal
